
Microsoft Visual Studio Solution File, Format Version 12.00
# Visual Studio 14
VisualStudioVersion = 14.0.25420.1
MinimumVisualStudioVersion = 10.0.40219.1
Project("{FAE04EC0-301F-11D3-BF4B-00C04F79EFBC}") = "CornSMSWebService", "CornSMSWebService\CornSMSWebService.csproj", "{4AEFE513-FD0D-4495-9AB2-C4B54E6F72FB}"
EndProject
Project("{FAE04EC0-301F-11D3-BF4B-00C04F79EFBC}") = "CORNDataAccessLayer", "CORNDataAccessLayer\CORNDataAccessLayer.csproj", "{26D8191C-6D6A-4457-BD84-41F5DFAAF9C2}"
EndProject
Project("{FAE04EC0-301F-11D3-BF4B-00C04F79EFBC}") = "CORNCommon", "CORNCommon\CORNCommon.csproj", "{848C4FC7-6E77-4041-925B-4B874B9E7C4E}"
EndProject
Project("{FAE04EC0-301F-11D3-BF4B-00C04F79EFBC}") = "CORNDatabaseLayer", "CORNDatabaseLayer\CORNDatabaseLayer.csproj", "{DF27A1C1-7BFD-44DF-98FD-D3598947F58E}"
EndProject
Project("{FAE04EC0-301F-11D3-BF4B-00C04F79EFBC}") = "CORNBusinessLayer", "CORNBusinessLayer\CORNBusinessLayer.csproj", "{4CC9CBCE-9BBF-440E-850A-7B51F914792E}"
EndProject
Global
	GlobalSection(SolutionConfigurationPlatforms) = preSolution
		Debug|Any CPU = Debug|Any CPU
		Release|Any CPU = Release|Any CPU
	EndGlobalSection
	GlobalSection(ProjectConfigurationPlatforms) = postSolution
		{4AEFE513-FD0D-4495-9AB2-C4B54E6F72FB}.Debug|Any CPU.ActiveCfg = Debug|Any CPU
		{4AEFE513-FD0D-4495-9AB2-C4B54E6F72FB}.Debug|Any CPU.Build.0 = Debug|Any CPU
		{4AEFE513-FD0D-4495-9AB2-C4B54E6F72FB}.Release|Any CPU.ActiveCfg = Release|Any CPU
		{4AEFE513-FD0D-4495-9AB2-C4B54E6F72FB}.Release|Any CPU.Build.0 = Release|Any CPU
		{26D8191C-6D6A-4457-BD84-41F5DFAAF9C2}.Debug|Any CPU.ActiveCfg = Debug|Any CPU
		{26D8191C-6D6A-4457-BD84-41F5DFAAF9C2}.Debug|Any CPU.Build.0 = Debug|Any CPU
		{26D8191C-6D6A-4457-BD84-41F5DFAAF9C2}.Release|Any CPU.ActiveCfg = Release|Any CPU
		{26D8191C-6D6A-4457-BD84-41F5DFAAF9C2}.Release|Any CPU.Build.0 = Release|Any CPU
		{848C4FC7-6E77-4041-925B-4B874B9E7C4E}.Debug|Any CPU.ActiveCfg = Debug|Any CPU
		{848C4FC7-6E77-4041-925B-4B874B9E7C4E}.Debug|Any CPU.Build.0 = Debug|Any CPU
		{848C4FC7-6E77-4041-925B-4B874B9E7C4E}.Release|Any CPU.ActiveCfg = Release|Any CPU
		{848C4FC7-6E77-4041-925B-4B874B9E7C4E}.Release|Any CPU.Build.0 = Release|Any CPU
		{DF27A1C1-7BFD-44DF-98FD-D3598947F58E}.Debug|Any CPU.ActiveCfg = Debug|Any CPU
		{DF27A1C1-7BFD-44DF-98FD-D3598947F58E}.Debug|Any CPU.Build.0 = Debug|Any CPU
		{DF27A1C1-7BFD-44DF-98FD-D3598947F58E}.Release|Any CPU.ActiveCfg = Release|Any CPU
		{DF27A1C1-7BFD-44DF-98FD-D3598947F58E}.Release|Any CPU.Build.0 = Release|Any CPU
		{4CC9CBCE-9BBF-440E-850A-7B51F914792E}.Debug|Any CPU.ActiveCfg = Debug|Any CPU
		{4CC9CBCE-9BBF-440E-850A-7B51F914792E}.Debug|Any CPU.Build.0 = Debug|Any CPU
		{4CC9CBCE-9BBF-440E-850A-7B51F914792E}.Release|Any CPU.ActiveCfg = Release|Any CPU
		{4CC9CBCE-9BBF-440E-850A-7B51F914792E}.Release|Any CPU.Build.0 = Release|Any CPU
	EndGlobalSection
	GlobalSection(SolutionProperties) = preSolution
		HideSolutionNode = FALSE
	EndGlobalSection
EndGlobal
